Microsoft Visual Studio Solution File, Format Version 8.00
Project("{F184B08F-C81C-45F6-A57F-5ABD9991F28F}") = "Scribble", "Scribble.vbproj", "{9763BEAA-D291-4B4C-A52F-495D8967BD07}"
	ProjectSection(ProjectDependencies) = postProject
	EndProjectSection
EndProject
Global
	GlobalSection(SolutionConfiguration) = preSolution
		Debug = Debug
		Release = Release
	EndGlobalSection
	GlobalSection(ProjectConfiguration) = postSolution
		{9763BEAA-D291-4B4C-A52F-495D8967BD07}.Debug.ActiveCfg = Debug|.NET
		{9763BEAA-D291-4B4C-A52F-495D8967BD07}.Debug.Build.0 = Debug|.NET
		{9763BEAA-D291-4B4C-A52F-495D8967BD07}.Release.ActiveCfg = Release|.NET
		{9763BEAA-D291-4B4C-A52F-495D8967BD07}.Release.Build.0 = Release|.NET
	EndGlobalSection
	GlobalSection(ExtensibilityGlobals) = postSolution
	EndGlobalSection
	GlobalSection(ExtensibilityAddIns) = postSolution
	EndGlobalSection
EndGlobal
