Microsoft Visual Studio Solution File, Format Version 8.00
Project("{FAE04EC0-301F-11D3-BF4B-00C04F79EFBC}") = "CookieAuth", "http://localhost/QuickStart/ASPPlus/Samples/VStudio/Security/CookieAuth/CS/CookieAuth.csproj", "{D38B1396-F715-451C-9569-82F6060A8AB2}"
	ProjectSection(ProjectDependencies) = postProject
	EndProjectSection
EndProject
Global
	GlobalSection(SolutionConfiguration) = preSolution
		Debug = Debug
		Release = Release
	EndGlobalSection
	GlobalSection(ProjectConfiguration) = postSolution
		{D38B1396-F715-451C-9569-82F6060A8AB2}.Debug.ActiveCfg = Debug|.NET
		{D38B1396-F715-451C-9569-82F6060A8AB2}.Debug.Build.0 = Debug|.NET
		{D38B1396-F715-451C-9569-82F6060A8AB2}.Release.ActiveCfg = Release|.NET
		{D38B1396-F715-451C-9569-82F6060A8AB2}.Release.Build.0 = Release|.NET
	EndGlobalSection
	GlobalSection(ExtensibilityGlobals) = postSolution
	EndGlobalSection
	GlobalSection(ExtensibilityAddIns) = postSolution
	EndGlobalSection
EndGlobal
