Microsoft Visual Studio Solution File, Format Version 8.00
Project("{FAE04EC0-301F-11D3-BF4B-00C04F79EFBC}") = "DataService", "DataService.csproj", "{187E6AFA-F4CB-4858-9D5B-D8A700471BFC}"
	ProjectSection(ProjectDependencies) = postProject
	EndProjectSection
EndProject
Global
	GlobalSection(SolutionConfiguration) = preSolution
		Debug = Debug
		Release = Release
	EndGlobalSection
	GlobalSection(ProjectConfiguration) = postSolution
		{187E6AFA-F4CB-4858-9D5B-D8A700471BFC}.Debug.ActiveCfg = Debug|.NET
		{187E6AFA-F4CB-4858-9D5B-D8A700471BFC}.Debug.Build.0 = Debug|.NET
		{187E6AFA-F4CB-4858-9D5B-D8A700471BFC}.Release.ActiveCfg = Release|.NET
		{187E6AFA-F4CB-4858-9D5B-D8A700471BFC}.Release.Build.0 = Release|.NET
	EndGlobalSection
	GlobalSection(ExtensibilityGlobals) = postSolution
	EndGlobalSection
	GlobalSection(ExtensibilityAddIns) = postSolution
	EndGlobalSection
EndGlobal
