Microsoft Visual Studio Solution File, Format Version 8.00
Project("{FAE04EC0-301F-11D3-BF4B-00C04F79EFBC}") = "Validate", "http://localhost/quickstart/aspplus/samples/vstudio/webforms/validate/CS/Validate.csproj", "{EE00E7F2-DDBC-4E90-BF65-94587C5D8536}"
	ProjectSection(ProjectDependencies) = postProject
	EndProjectSection
EndProject
Global
	GlobalSection(SolutionConfiguration) = preSolution
		Debug = Debug
		Release = Release
	EndGlobalSection
	GlobalSection(ProjectConfiguration) = postSolution
		{EE00E7F2-DDBC-4E90-BF65-94587C5D8536}.Debug.ActiveCfg = Debug|.NET
		{EE00E7F2-DDBC-4E90-BF65-94587C5D8536}.Debug.Build.0 = Debug|.NET
		{EE00E7F2-DDBC-4E90-BF65-94587C5D8536}.Release.ActiveCfg = Release|.NET
		{EE00E7F2-DDBC-4E90-BF65-94587C5D8536}.Release.Build.0 = Release|.NET
	EndGlobalSection
	GlobalSection(ExtensibilityGlobals) = postSolution
	EndGlobalSection
	GlobalSection(ExtensibilityAddIns) = postSolution
	EndGlobalSection
EndGlobal
