Microsoft Visual Studio Solution File, Format Version 8.00
Project("{FAE04EC0-301F-11D3-BF4B-00C04F79EFBC}") = "SimplePad", "SimplePad.csproj", "{EA5A3FF6-13AF-4B7C-82AF-C5B9F5827318}"
	ProjectSection(ProjectDependencies) = postProject
	EndProjectSection
EndProject
Global
	GlobalSection(SolutionConfiguration) = preSolution
		Debug = Debug
		Release = Release
	EndGlobalSection
	GlobalSection(ProjectConfiguration) = postSolution
		{EA5A3FF6-13AF-4B7C-82AF-C5B9F5827318}.Debug.ActiveCfg = Debug|.NET
		{EA5A3FF6-13AF-4B7C-82AF-C5B9F5827318}.Debug.Build.0 = Debug|.NET
		{EA5A3FF6-13AF-4B7C-82AF-C5B9F5827318}.Release.ActiveCfg = Release|.NET
		{EA5A3FF6-13AF-4B7C-82AF-C5B9F5827318}.Release.Build.0 = Release|.NET
	EndGlobalSection
	GlobalSection(ExtensibilityGlobals) = postSolution
	EndGlobalSection
	GlobalSection(ExtensibilityAddIns) = postSolution
	EndGlobalSection
EndGlobal
