Microsoft Visual Studio Solution File, Format Version 8.00
Project("{FAE04EC0-301F-11D3-BF4B-00C04F79EFBC}") = "OPFormCS", "OPFormCS.csproj", "{68CC60F9-5F6C-4819-BD32-BCA206070FA6}"
	ProjectSection(ProjectDependencies) = postProject
		{05A2EE3F-2039-4B27-BD00-08733626A00F} = {05A2EE3F-2039-4B27-BD00-08733626A00F}
	EndProjectSection
EndProject
Project("{FAE04EC0-301F-11D3-BF4B-00C04F79EFBC}") = "OPObjCS", "OPObjCS.csproj", "{05A2EE3F-2039-4B27-BD00-08733626A00F}"
	ProjectSection(ProjectDependencies) = postProject
	EndProjectSection
EndProject
Global
	GlobalSection(SolutionConfiguration) = preSolution
		Debug = Debug
		Release = Release
	EndGlobalSection
	GlobalSection(ProjectConfiguration) = postSolution
		{68CC60F9-5F6C-4819-BD32-BCA206070FA6}.Debug.ActiveCfg = Debug|.NET
		{68CC60F9-5F6C-4819-BD32-BCA206070FA6}.Debug.Build.0 = Debug|.NET
		{68CC60F9-5F6C-4819-BD32-BCA206070FA6}.Release.ActiveCfg = Release|.NET
		{68CC60F9-5F6C-4819-BD32-BCA206070FA6}.Release.Build.0 = Release|.NET
		{05A2EE3F-2039-4B27-BD00-08733626A00F}.Debug.ActiveCfg = Debug|.NET
		{05A2EE3F-2039-4B27-BD00-08733626A00F}.Debug.Build.0 = Debug|.NET
		{05A2EE3F-2039-4B27-BD00-08733626A00F}.Release.ActiveCfg = Release|.NET
		{05A2EE3F-2039-4B27-BD00-08733626A00F}.Release.Build.0 = Release|.NET
	EndGlobalSection
	GlobalSection(SolutionItems) = postSolution
		..\Readme.htm = ..\Readme.htm
	EndGlobalSection
	GlobalSection(ExtensibilityGlobals) = postSolution
	EndGlobalSection
	GlobalSection(ExtensibilityAddIns) = postSolution
	EndGlobalSection
EndGlobal
