Microsoft Visual Studio Solution File, Format Version 8.00
Project("{F184B08F-C81C-45F6-A57F-5ABD9991F28F}") = "HostApp", "HostApp\HostApp.vbproj", "{F06BD84B-23C2-4CD3-807A-ECD2C02A9001}"
	ProjectSection(ProjectDependencies) = postProject
	EndProjectSection
EndProject
Project("{F184B08F-C81C-45F6-A57F-5ABD9991F28F}") = "HelloWorldControl", "Control\HelloWorldControl.vbproj", "{B49CB8DA-DAEE-4AB8-8544-4A30ED9E6977}"
	ProjectSection(ProjectDependencies) = postProject
	EndProjectSection
EndProject
Global
	GlobalSection(SolutionConfiguration) = preSolution
		Debug = Debug
		Release = Release
	EndGlobalSection
	GlobalSection(ProjectConfiguration) = postSolution
		{F06BD84B-23C2-4CD3-807A-ECD2C02A9001}.Debug.ActiveCfg = Debug|.NET
		{F06BD84B-23C2-4CD3-807A-ECD2C02A9001}.Debug.Build.0 = Debug|.NET
		{F06BD84B-23C2-4CD3-807A-ECD2C02A9001}.Release.ActiveCfg = Release|.NET
		{F06BD84B-23C2-4CD3-807A-ECD2C02A9001}.Release.Build.0 = Release|.NET
		{B49CB8DA-DAEE-4AB8-8544-4A30ED9E6977}.Debug.ActiveCfg = Debug|.NET
		{B49CB8DA-DAEE-4AB8-8544-4A30ED9E6977}.Debug.Build.0 = Debug|.NET
		{B49CB8DA-DAEE-4AB8-8544-4A30ED9E6977}.Release.ActiveCfg = Release|.NET
		{B49CB8DA-DAEE-4AB8-8544-4A30ED9E6977}.Release.Build.0 = Release|.NET
	EndGlobalSection
	GlobalSection(ExtensibilityGlobals) = postSolution
	EndGlobalSection
	GlobalSection(ExtensibilityAddIns) = postSolution
	EndGlobalSection
EndGlobal
